
Microsoft Visual Studio Solution File, Format Version 12.00
# Visual Studio 15
VisualStudioVersion = 15.0.27703.2035
MinimumVisualStudioVersion = 10.0.40219.1
Project("{FAE04EC0-301F-11D3-BF4B-00C04F79EFBC}") = "RappelWinForm", "RappelWinForm\RappelWinForm.csproj", "{DDBD4009-03F4-43D7-BA2D-3DD18E661CB6}"
EndProject
Project("{FAE04EC0-301F-11D3-BF4B-00C04F79EFBC}") = "MonPremierProjetWpf", "MonPremierProjetWpf\MonPremierProjetWpf.csproj", "{AF011342-EB33-46E4-A09E-7AC0349E1277}"
EndProject
Project("{FAE04EC0-301F-11D3-BF4B-00C04F79EFBC}") = "MonSecondProjetTravailImages", "MonSecondProjetTravailImages\MonSecondProjetTravailImages.csproj", "{943C715B-6622-4699-B4EE-64C1BD85F19D}"
EndProject
Project("{FAE04EC0-301F-11D3-BF4B-00C04F79EFBC}") = "MonTroisemeProjetWpfTravailStyleEtGrille", "MonTroisemeProjetWpfTravailStyleEtGrille\MonTroisemeProjetWpfTravailStyleEtGrille.csproj", "{2464D019-BA79-42FF-AA8F-40D97CA689E1}"
EndProject
Project("{FAE04EC0-301F-11D3-BF4B-00C04F79EFBC}") = "MetroStyleDecouverte", "MetroStyleDecouverte\MetroStyleDecouverte.csproj", "{A1DDFEE6-D842-46BF-9DF2-BE8043768462}"
EndProject
Project("{FAE04EC0-301F-11D3-BF4B-00C04F79EFBC}") = "DecouverteBinding", "DecouverteBinding\DecouverteBinding.csproj", "{D57402FC-F117-47C9-A531-D8DFEFDEA629}"
EndProject
Project("{FAE04EC0-301F-11D3-BF4B-00C04F79EFBC}") = "DecouverteBindingAvecSlider", "DecouverteBindingAvecSlider\DecouverteBindingAvecSlider.csproj", "{EDDDDF2E-E579-4CCB-A123-CD04BC8F28EE}"
EndProject
Project("{FAE04EC0-301F-11D3-BF4B-00C04F79EFBC}") = "TravailWpfAvecEntities", "TravailWpfAvecEntities\TravailWpfAvecEntities.csproj", "{94873F1F-FD9E-4EE6-8D53-EB06395597C5}"
EndProject
Project("{FAE04EC0-301F-11D3-BF4B-00C04F79EFBC}") = "HarryPotter.Core.Data", "HarryPotter.Core.Data\HarryPotter.Core.Data.csproj", "{580BE3C7-D9C6-4CD9-8DF7-4FA1E8F5ABE9}"
EndProject
Global
	GlobalSection(SolutionConfigurationPlatforms) = preSolution
		Debug|Any CPU = Debug|Any CPU
		Release|Any CPU = Release|Any CPU
	EndGlobalSection
	GlobalSection(ProjectConfigurationPlatforms) = postSolution
		{DDBD4009-03F4-43D7-BA2D-3DD18E661CB6}.Debug|Any CPU.ActiveCfg = Debug|Any CPU
		{DDBD4009-03F4-43D7-BA2D-3DD18E661CB6}.Debug|Any CPU.Build.0 = Debug|Any CPU
		{DDBD4009-03F4-43D7-BA2D-3DD18E661CB6}.Release|Any CPU.ActiveCfg = Release|Any CPU
		{DDBD4009-03F4-43D7-BA2D-3DD18E661CB6}.Release|Any CPU.Build.0 = Release|Any CPU
		{AF011342-EB33-46E4-A09E-7AC0349E1277}.Debug|Any CPU.ActiveCfg = Debug|Any CPU
		{AF011342-EB33-46E4-A09E-7AC0349E1277}.Debug|Any CPU.Build.0 = Debug|Any CPU
		{AF011342-EB33-46E4-A09E-7AC0349E1277}.Release|Any CPU.ActiveCfg = Release|Any CPU
		{AF011342-EB33-46E4-A09E-7AC0349E1277}.Release|Any CPU.Build.0 = Release|Any CPU
		{943C715B-6622-4699-B4EE-64C1BD85F19D}.Debug|Any CPU.ActiveCfg = Debug|Any CPU
		{943C715B-6622-4699-B4EE-64C1BD85F19D}.Debug|Any CPU.Build.0 = Debug|Any CPU
		{943C715B-6622-4699-B4EE-64C1BD85F19D}.Release|Any CPU.ActiveCfg = Release|Any CPU
		{943C715B-6622-4699-B4EE-64C1BD85F19D}.Release|Any CPU.Build.0 = Release|Any CPU
		{2464D019-BA79-42FF-AA8F-40D97CA689E1}.Debug|Any CPU.ActiveCfg = Debug|Any CPU
		{2464D019-BA79-42FF-AA8F-40D97CA689E1}.Debug|Any CPU.Build.0 = Debug|Any CPU
		{2464D019-BA79-42FF-AA8F-40D97CA689E1}.Release|Any CPU.ActiveCfg = Release|Any CPU
		{2464D019-BA79-42FF-AA8F-40D97CA689E1}.Release|Any CPU.Build.0 = Release|Any CPU
		{A1DDFEE6-D842-46BF-9DF2-BE8043768462}.Debug|Any CPU.ActiveCfg = Debug|Any CPU
		{A1DDFEE6-D842-46BF-9DF2-BE8043768462}.Debug|Any CPU.Build.0 = Debug|Any CPU
		{A1DDFEE6-D842-46BF-9DF2-BE8043768462}.Release|Any CPU.ActiveCfg = Release|Any CPU
		{A1DDFEE6-D842-46BF-9DF2-BE8043768462}.Release|Any CPU.Build.0 = Release|Any CPU
		{D57402FC-F117-47C9-A531-D8DFEFDEA629}.Debug|Any CPU.ActiveCfg = Debug|Any CPU
		{D57402FC-F117-47C9-A531-D8DFEFDEA629}.Debug|Any CPU.Build.0 = Debug|Any CPU
		{D57402FC-F117-47C9-A531-D8DFEFDEA629}.Release|Any CPU.ActiveCfg = Release|Any CPU
		{D57402FC-F117-47C9-A531-D8DFEFDEA629}.Release|Any CPU.Build.0 = Release|Any CPU
		{EDDDDF2E-E579-4CCB-A123-CD04BC8F28EE}.Debug|Any CPU.ActiveCfg = Debug|Any CPU
		{EDDDDF2E-E579-4CCB-A123-CD04BC8F28EE}.Debug|Any CPU.Build.0 = Debug|Any CPU
		{EDDDDF2E-E579-4CCB-A123-CD04BC8F28EE}.Release|Any CPU.ActiveCfg = Release|Any CPU
		{EDDDDF2E-E579-4CCB-A123-CD04BC8F28EE}.Release|Any CPU.Build.0 = Release|Any CPU
		{94873F1F-FD9E-4EE6-8D53-EB06395597C5}.Debug|Any CPU.ActiveCfg = Debug|Any CPU
		{94873F1F-FD9E-4EE6-8D53-EB06395597C5}.Debug|Any CPU.Build.0 = Debug|Any CPU
		{94873F1F-FD9E-4EE6-8D53-EB06395597C5}.Release|Any CPU.ActiveCfg = Release|Any CPU
		{94873F1F-FD9E-4EE6-8D53-EB06395597C5}.Release|Any CPU.Build.0 = Release|Any CPU
		{580BE3C7-D9C6-4CD9-8DF7-4FA1E8F5ABE9}.Debug|Any CPU.ActiveCfg = Debug|Any CPU
		{580BE3C7-D9C6-4CD9-8DF7-4FA1E8F5ABE9}.Debug|Any CPU.Build.0 = Debug|Any CPU
		{580BE3C7-D9C6-4CD9-8DF7-4FA1E8F5ABE9}.Release|Any CPU.ActiveCfg = Release|Any CPU
		{580BE3C7-D9C6-4CD9-8DF7-4FA1E8F5ABE9}.Release|Any CPU.Build.0 = Release|Any CPU
	EndGlobalSection
	GlobalSection(SolutionProperties) = preSolution
		HideSolutionNode = FALSE
	EndGlobalSection
	GlobalSection(ExtensibilityGlobals) = postSolution
		SolutionGuid = {EAD92174-43E1-45B0-95F2-B78369E7CAF2}
	EndGlobalSection
EndGlobal
